// !$*UTF8*$!
{
	archiveVersion = 1;
	classes = {
	};
	objectVersion = 46;
	objects = {

/* Begin PBXBuildFile section */
		969F47791F97B3DA00912F85 /* BaseTableViewController.swift in Sources */ = {isa = PBXBuildFile; fileRef = 969F47781F97B3DA00912F85 /* BaseTableViewController.swift */; };
		969F477B1F97B3E900912F85 /* BaseViewController.swift in Sources */ = {isa = PBXBuildFile; fileRef = 969F477A1F97B3E900912F85 /* BaseViewController.swift */; };
		969F47811F97B5CA00912F85 /* Quicksand-Bold.ttf in Resources */ = {isa = PBXBuildFile; fileRef = 969F477D1F97B5CA00912F85 /* Quicksand-Bold.ttf */; };
		969F47821F97B5CA00912F85 /* RobotoCondensed-Bold.ttf in Resources */ = {isa = PBXBuildFile; fileRef = 969F477E1F97B5CA00912F85 /* RobotoCondensed-Bold.ttf */; };
		969F47831F97B5CA00912F85 /* RobotoCondensed-Italic.ttf in Resources */ = {isa = PBXBuildFile; fileRef = 969F477F1F97B5CA00912F85 /* RobotoCondensed-Italic.ttf */; };
		969F47841F97B5CA00912F85 /* RobotoCondensed-Regular.ttf in Resources */ = {isa = PBXBuildFile; fileRef = 969F47801F97B5CA00912F85 /* RobotoCondensed-Regular.ttf */; };
		969F47861F97BEB100912F85 /* BaseNavigationViewController.swift in Sources */ = {isa = PBXBuildFile; fileRef = 969F47851F97BEB100912F85 /* BaseNavigationViewController.swift */; };
		969F47891F97BF3600912F85 /* SelectCategoryTableViewController.swift in Sources */ = {isa = PBXBuildFile; fileRef = 969F47881F97BF3600912F85 /* SelectCategoryTableViewController.swift */; };
		969F478E1F97BFA900912F85 /* EmptyTableViewCell.swift in Sources */ = {isa = PBXBuildFile; fileRef = 969F478C1F97BFA900912F85 /* EmptyTableViewCell.swift */; };
		969F478F1F97BFA900912F85 /* EmptyTableViewCell.xib in Resources */ = {isa = PBXBuildFile; fileRef = 969F478D1F97BFA900912F85 /* EmptyTableViewCell.xib */; };
		969F6D5C1F9EBB26002D3960 /* SignInViewController.swift in Sources */ = {isa = PBXBuildFile; fileRef = 969F6D5B1F9EBB26002D3960 /* SignInViewController.swift */; };
		96A9EFB71F98551300EA7EF3 /* DKHCategory.swift in Sources */ = {isa = PBXBuildFile; fileRef = 96A9EFB61F98551300EA7EF3 /* DKHCategory.swift */; };
		96A9EFB91F985A6000EA7EF3 /* DKHProduct.swift in Sources */ = {isa = PBXBuildFile; fileRef = 96A9EFB81F985A6000EA7EF3 /* DKHProduct.swift */; };
		96A9EFBE1F98EC4700EA7EF3 /* SignIn.storyboard in Resources */ = {isa = PBXBuildFile; fileRef = 96A9EFBD1F98EC4700EA7EF3 /* SignIn.storyboard */; };
		96A9EFC01F992EA100EA7EF3 /* BaseTabBarViewController.swift in Sources */ = {isa = PBXBuildFile; fileRef = 96A9EFBF1F992EA100EA7EF3 /* BaseTabBarViewController.swift */; };
		96A9EFC21F99343800EA7EF3 /* MainTabBarViewController.swift in Sources */ = {isa = PBXBuildFile; fileRef = 96A9EFC11F99343800EA7EF3 /* MainTabBarViewController.swift */; };
		96A9EFC51F99412400EA7EF3 /* ProductTableViewCell.swift in Sources */ = {isa = PBXBuildFile; fileRef = 96A9EFC31F99412400EA7EF3 /* ProductTableViewCell.swift */; };
		96A9EFC61F99412400EA7EF3 /* ProductTableViewCell.xib in Resources */ = {isa = PBXBuildFile; fileRef = 96A9EFC41F99412400EA7EF3 /* ProductTableViewCell.xib */; };
		96A9EFC91F99439400EA7EF3 /* ProductsTableViewController.swift in Sources */ = {isa = PBXBuildFile; fileRef = 96A9EFC81F99439400EA7EF3 /* ProductsTableViewController.swift */; };
		96F805871F8EA92A00BC1E7C /* AppDelegate.swift in Sources */ = {isa = PBXBuildFile; fileRef = 96F805861F8EA92A00BC1E7C /* AppDelegate.swift */; };
		96F805891F8EA92A00BC1E7C /* ViewController.swift in Sources */ = {isa = PBXBuildFile; fileRef = 96F805881F8EA92A00BC1E7C /* ViewController.swift */; };
		96F8058C1F8EA92A00BC1E7C /* Main.storyboard in Resources */ = {isa = PBXBuildFile; fileRef = 96F8058A1F8EA92A00BC1E7C /* Main.storyboard */; };
		96F8058E1F8EA92A00BC1E7C /* Assets.xcassets in Resources */ = {isa = PBXBuildFile; fileRef = 96F8058D1F8EA92A00BC1E7C /* Assets.xcassets */; };
		96F805911F8EA92A00BC1E7C /* LaunchScreen.storyboard in Resources */ = {isa = PBXBuildFile; fileRef = 96F8058F1F8EA92A00BC1E7C /* LaunchScreen.storyboard */; };
		96F8059A1F8EA9A300BC1E7C /* DKHAPIClient.swift in Sources */ = {isa = PBXBuildFile; fileRef = 96F805991F8EA9A300BC1E7C /* DKHAPIClient.swift */; };
		96F8059C1F8EAA0C00BC1E7C /* DKHEndPoint.swift in Sources */ = {isa = PBXBuildFile; fileRef = 96F8059B1F8EAA0C00BC1E7C /* DKHEndPoint.swift */; };
		96F8059F1F8EBC4000BC1E7C /* DKHStore.swift in Sources */ = {isa = PBXBuildFile; fileRef = 96F8059E1F8EBC4000BC1E7C /* DKHStore.swift */; };
		96F805AB1F8EBD9400BC1E7C /* DKHAppearance.swift in Sources */ = {isa = PBXBuildFile; fileRef = 96F805AA1F8EBD9400BC1E7C /* DKHAppearance.swift */; };
		96F805B31F8EBE5100BC1E7C /* DKHExtensions.swift in Sources */ = {isa = PBXBuildFile; fileRef = 96F805AE1F8EBE5100BC1E7C /* DKHExtensions.swift */; };
		96F805B41F8EBE5100BC1E7C /* DKHNavigation.swift in Sources */ = {isa = PBXBuildFile; fileRef = 96F805AF1F8EBE5100BC1E7C /* DKHNavigation.swift */; };
		96F805B51F8EBE5100BC1E7C /* DKHRealmHelper.swift in Sources */ = {isa = PBXBuildFile; fileRef = 96F805B01F8EBE5100BC1E7C /* DKHRealmHelper.swift */; };
		96F805B61F8EBE5100BC1E7C /* DKHRXHelper.swift in Sources */ = {isa = PBXBuildFile; fileRef = 96F805B11F8EBE5100BC1E7C /* DKHRXHelper.swift */; };
		96F805B71F8EBE5100BC1E7C /* DKHUIHelper.swift in Sources */ = {isa = PBXBuildFile; fileRef = 96F805B21F8EBE5100BC1E7C /* DKHUIHelper.swift */; };
		96F805BB1F8EBE7000BC1E7C /* UITextView+Placeholder.m in Sources */ = {isa = PBXBuildFile; fileRef = 96F805BA1F8EBE7000BC1E7C /* UITextView+Placeholder.m */; };
		96F805BD1F8EC0CA00BC1E7C /* DKHUser.swift in Sources */ = {isa = PBXBuildFile; fileRef = 96F805BC1F8EC0CA00BC1E7C /* DKHUser.swift */; };
		96F805BF1F8EC15500BC1E7C /* KNMTCRealmModel.swift in Sources */ = {isa = PBXBuildFile; fileRef = 96F805BE1F8EC15500BC1E7C /* KNMTCRealmModel.swift */; };
		AD8C94F87DBDBF2FCA5D50B0 /* Pods_StoreIOS.framework in Frameworks */ = {isa = PBXBuildFile; fileRef = 4BD39919D7C3D9EC447F85C0 /* Pods_StoreIOS.framework */; };
/* End PBXBuildFile section */

/* Begin PBXFileReference section */
		4BD39919D7C3D9EC447F85C0 /* Pods_StoreIOS.framework */ = {isa = PBXFileReference; explicitFileType = wrapper.framework; includeInIndex = 0; path = Pods_StoreIOS.framework; sourceTree = BUILT_PRODUCTS_DIR; };
		6018349770AD49BD844DBBA4 /* Pods-StoreIOS.release.xcconfig */ = {isa = PBXFileReference; includeInIndex = 1; lastKnownFileType = text.xcconfig; name = "Pods-StoreIOS.release.xcconfig"; path = "Pods/Target Support Files/Pods-StoreIOS/Pods-StoreIOS.release.xcconfig"; sourceTree = "<group>"; };
		969F47781F97B3DA00912F85 /* BaseTableViewController.swift */ = {isa = PBXFileReference; fileEncoding = 4; lastKnownFileType = sourcecode.swift; path = BaseTableViewController.swift; sourceTree = "<group>"; };
		969F477A1F97B3E900912F85 /* BaseViewController.swift */ = {isa = PBXFileReference; fileEncoding = 4; lastKnownFileType = sourcecode.swift; path = BaseViewController.swift; sourceTree = "<group>"; };
		969F477D1F97B5CA00912F85 /* Quicksand-Bold.ttf */ = {isa = PBXFileReference; lastKnownFileType = file; path = "Quicksand-Bold.ttf"; sourceTree = "<group>"; };
		969F477E1F97B5CA00912F85 /* RobotoCondensed-Bold.ttf */ = {isa = PBXFileReference; lastKnownFileType = file; path = "RobotoCondensed-Bold.ttf"; sourceTree = "<group>"; };
		969F477F1F97B5CA00912F85 /* RobotoCondensed-Italic.ttf */ = {isa = PBXFileReference; lastKnownFileType = file; path = "RobotoCondensed-Italic.ttf"; sourceTree = "<group>"; };
		969F47801F97B5CA00912F85 /* RobotoCondensed-Regular.ttf */ = {isa = PBXFileReference; lastKnownFileType = file; path = "RobotoCondensed-Regular.ttf"; sourceTree = "<group>"; };
		969F47851F97BEB100912F85 /* BaseNavigationViewController.swift */ = {isa = PBXFileReference; fileEncoding = 4; lastKnownFileType = sourcecode.swift; path = BaseNavigationViewController.swift; sourceTree = "<group>"; };
		969F47881F97BF3600912F85 /* SelectCategoryTableViewController.swift */ = {isa = PBXFileReference; fileEncoding = 4; lastKnownFileType = sourcecode.swift; path = SelectCategoryTableViewController.swift; sourceTree = "<group>"; };
		969F478C1F97BFA900912F85 /* EmptyTableViewCell.swift */ = {isa = PBXFileReference; fileEncoding = 4; lastKnownFileType = sourcecode.swift; path = EmptyTableViewCell.swift; sourceTree = "<group>"; };
		969F478D1F97BFA900912F85 /* EmptyTableViewCell.xib */ = {isa = PBXFileReference; fileEncoding = 4; lastKnownFileType = file.xib; path = EmptyTableViewCell.xib; sourceTree = "<group>"; };
		969F6D5B1F9EBB26002D3960 /* SignInViewController.swift */ = {isa = PBXFileReference; lastKnownFileType = sourcecode.swift; path = SignInViewController.swift; sourceTree = "<group>"; };
		96A9EFB61F98551300EA7EF3 /* DKHCategory.swift */ = {isa = PBXFileReference; lastKnownFileType = sourcecode.swift; path = DKHCategory.swift; sourceTree = "<group>"; };
		96A9EFB81F985A6000EA7EF3 /* DKHProduct.swift */ = {isa = PBXFileReference; lastKnownFileType = sourcecode.swift; path = DKHProduct.swift; sourceTree = "<group>"; };
		96A9EFBD1F98EC4700EA7EF3 /* SignIn.storyboard */ = {isa = PBXFileReference; lastKnownFileType = file.storyboard; path = SignIn.storyboard; sourceTree = "<group>"; };
		96A9EFBF1F992EA100EA7EF3 /* BaseTabBarViewController.swift */ = {isa = PBXFileReference; lastKnownFileType = sourcecode.swift; path = BaseTabBarViewController.swift; sourceTree = "<group>"; };
		96A9EFC11F99343800EA7EF3 /* MainTabBarViewController.swift */ = {isa = PBXFileReference; lastKnownFileType = sourcecode.swift; path = MainTabBarViewController.swift; sourceTree = "<group>"; };
		96A9EFC31F99412400EA7EF3 /* ProductTableViewCell.swift */ = {isa = PBXFileReference; lastKnownFileType = sourcecode.swift; path = ProductTableViewCell.swift; sourceTree = "<group>"; };
		96A9EFC41F99412400EA7EF3 /* ProductTableViewCell.xib */ = {isa = PBXFileReference; lastKnownFileType = file.xib; path = ProductTableViewCell.xib; sourceTree = "<group>"; };
		96A9EFC81F99439400EA7EF3 /* ProductsTableViewController.swift */ = {isa = PBXFileReference; lastKnownFileType = sourcecode.swift; path = ProductsTableViewController.swift; sourceTree = "<group>"; };
		96F805831F8EA92A00BC1E7C /* StoreIOS.app */ = {isa = PBXFileReference; explicitFileType = wrapper.application; includeInIndex = 0; path = StoreIOS.app; sourceTree = BUILT_PRODUCTS_DIR; };
		96F805861F8EA92A00BC1E7C /* AppDelegate.swift */ = {isa = PBXFileReference; lastKnownFileType = sourcecode.swift; path = AppDelegate.swift; sourceTree = "<group>"; };
		96F805881F8EA92A00BC1E7C /* ViewController.swift */ = {isa = PBXFileReference; lastKnownFileType = sourcecode.swift; path = ViewController.swift; sourceTree = "<group>"; };
		96F8058B1F8EA92A00BC1E7C /* Base */ = {isa = PBXFileReference; lastKnownFileType = file.storyboard; name = Base; path = Base.lproj/Main.storyboard; sourceTree = "<group>"; };
		96F8058D1F8EA92A00BC1E7C /* Assets.xcassets */ = {isa = PBXFileReference; lastKnownFileType = folder.assetcatalog; path = Assets.xcassets; sourceTree = "<group>"; };
		96F805901F8EA92A00BC1E7C /* Base */ = {isa = PBXFileReference; lastKnownFileType = file.storyboard; name = Base; path = Base.lproj/LaunchScreen.storyboard; sourceTree = "<group>"; };
		96F805921F8EA92A00BC1E7C /* Info.plist */ = {isa = PBXFileReference; lastKnownFileType = text.plist.xml; path = Info.plist; sourceTree = "<group>"; };
		96F805991F8EA9A300BC1E7C /* DKHAPIClient.swift */ = {isa = PBXFileReference; fileEncoding = 4; lastKnownFileType = sourcecode.swift; path = DKHAPIClient.swift; sourceTree = "<group>"; };
		96F8059B1F8EAA0C00BC1E7C /* DKHEndPoint.swift */ = {isa = PBXFileReference; fileEncoding = 4; lastKnownFileType = sourcecode.swift; path = DKHEndPoint.swift; sourceTree = "<group>"; };
		96F8059E1F8EBC4000BC1E7C /* DKHStore.swift */ = {isa = PBXFileReference; fileEncoding = 4; lastKnownFileType = sourcecode.swift; path = DKHStore.swift; sourceTree = "<group>"; };
		96F805AA1F8EBD9400BC1E7C /* DKHAppearance.swift */ = {isa = PBXFileReference; fileEncoding = 4; lastKnownFileType = sourcecode.swift; path = DKHAppearance.swift; sourceTree = "<group>"; };
		96F805AE1F8EBE5100BC1E7C /* DKHExtensions.swift */ = {isa = PBXFileReference; fileEncoding = 4; lastKnownFileType = sourcecode.swift; path = DKHExtensions.swift; sourceTree = "<group>"; };
		96F805AF1F8EBE5100BC1E7C /* DKHNavigation.swift */ = {isa = PBXFileReference; fileEncoding = 4; lastKnownFileType = sourcecode.swift; path = DKHNavigation.swift; sourceTree = "<group>"; };
		96F805B01F8EBE5100BC1E7C /* DKHRealmHelper.swift */ = {isa = PBXFileReference; fileEncoding = 4; lastKnownFileType = sourcecode.swift; path = DKHRealmHelper.swift; sourceTree = "<group>"; };
		96F805B11F8EBE5100BC1E7C /* DKHRXHelper.swift */ = {isa = PBXFileReference; fileEncoding = 4; lastKnownFileType = sourcecode.swift; path = DKHRXHelper.swift; sourceTree = "<group>"; };
		96F805B21F8EBE5100BC1E7C /* DKHUIHelper.swift */ = {isa = PBXFileReference; fileEncoding = 4; lastKnownFileType = sourcecode.swift; path = DKHUIHelper.swift; sourceTree = "<group>"; };
		96F805B81F8EBE7000BC1E7C /* StoreIOS-Bridging-Header.h */ = {isa = PBXFileReference; lastKnownFileType = sourcecode.c.h; path = "StoreIOS-Bridging-Header.h"; sourceTree = "<group>"; };
		96F805B91F8EBE7000BC1E7C /* UITextView+Placeholder.h */ = {isa = PBXFileReference; fileEncoding = 4; lastKnownFileType = sourcecode.c.h; path = "UITextView+Placeholder.h"; sourceTree = "<group>"; };
		96F805BA1F8EBE7000BC1E7C /* UITextView+Placeholder.m */ = {isa = PBXFileReference; fileEncoding = 4; lastKnownFileType = sourcecode.c.objc; path = "UITextView+Placeholder.m"; sourceTree = "<group>"; };
		96F805BC1F8EC0CA00BC1E7C /* DKHUser.swift */ = {isa = PBXFileReference; fileEncoding = 4; lastKnownFileType = sourcecode.swift; path = DKHUser.swift; sourceTree = "<group>"; };
		96F805BE1F8EC15500BC1E7C /* KNMTCRealmModel.swift */ = {isa = PBXFileReference; fileEncoding = 4; lastKnownFileType = sourcecode.swift; path = KNMTCRealmModel.swift; sourceTree = "<group>"; };
		CB8DE675CCEE2BF24CF87662 /* Pods-StoreIOS.debug.xcconfig */ = {isa = PBXFileReference; includeInIndex = 1; lastKnownFileType = text.xcconfig; name = "Pods-StoreIOS.debug.xcconfig"; path = "Pods/Target Support Files/Pods-StoreIOS/Pods-StoreIOS.debug.xcconfig"; sourceTree = "<group>"; };
/* End PBXFileReference section */

/* Begin PBXFrameworksBuildPhase section */
		96F805801F8EA92A00BC1E7C /* Frameworks */ = {
			isa = PBXFrameworksBuildPhase;
			buildActionMask = 2147483647;
			files = (
				AD8C94F87DBDBF2FCA5D50B0 /* Pods_StoreIOS.framework in Frameworks */,
			);
			runOnlyForDeploymentPostprocessing = 0;
		};
/* End PBXFrameworksBuildPhase section */

/* Begin PBXGroup section */
		29FE5455FC77DC51A8040FAB /* Frameworks */ = {
			isa = PBXGroup;
			children = (
				4BD39919D7C3D9EC447F85C0 /* Pods_StoreIOS.framework */,
			);
			name = Frameworks;
			sourceTree = "<group>";
		};
		4E82459795A4C896D3A3AE12 /* Pods */ = {
			isa = PBXGroup;
			children = (
				CB8DE675CCEE2BF24CF87662 /* Pods-StoreIOS.debug.xcconfig */,
				6018349770AD49BD844DBBA4 /* Pods-StoreIOS.release.xcconfig */,
			);
			name = Pods;
			sourceTree = "<group>";
		};
		969F47771F97B3C400912F85 /* BaseControllers */ = {
			isa = PBXGroup;
			children = (
				969F47781F97B3DA00912F85 /* BaseTableViewController.swift */,
				969F477A1F97B3E900912F85 /* BaseViewController.swift */,
				969F47851F97BEB100912F85 /* BaseNavigationViewController.swift */,
				96A9EFBF1F992EA100EA7EF3 /* BaseTabBarViewController.swift */,
			);
			path = BaseControllers;
			sourceTree = "<group>";
		};
		969F477C1F97B5CA00912F85 /* Fonts */ = {
			isa = PBXGroup;
			children = (
				969F477D1F97B5CA00912F85 /* Quicksand-Bold.ttf */,
				969F477E1F97B5CA00912F85 /* RobotoCondensed-Bold.ttf */,
				969F477F1F97B5CA00912F85 /* RobotoCondensed-Italic.ttf */,
				969F47801F97B5CA00912F85 /* RobotoCondensed-Regular.ttf */,
			);
			path = Fonts;
			sourceTree = "<group>";
		};
		969F47871F97BF1600912F85 /* Controllers */ = {
			isa = PBXGroup;
			children = (
				969F6D5A1F9EBB14002D3960 /* SignIn */,
				96A9EFC71F99438200EA7EF3 /* ProductControllers */,
				969F47881F97BF3600912F85 /* SelectCategoryTableViewController.swift */,
				96A9EFC11F99343800EA7EF3 /* MainTabBarViewController.swift */,
			);
			path = Controllers;
			sourceTree = "<group>";
		};
		969F478A1F97BF6600912F85 /* Views */ = {
			isa = PBXGroup;
			children = (
				96A9EFBC1F98EC2900EA7EF3 /* storyboard */,
				969F478B1F97BF9100912F85 /* Cells */,
			);
			path = Views;
			sourceTree = "<group>";
		};
		969F478B1F97BF9100912F85 /* Cells */ = {
			isa = PBXGroup;
			children = (
				969F478C1F97BFA900912F85 /* EmptyTableViewCell.swift */,
				969F478D1F97BFA900912F85 /* EmptyTableViewCell.xib */,
				96A9EFC31F99412400EA7EF3 /* ProductTableViewCell.swift */,
				96A9EFC41F99412400EA7EF3 /* ProductTableViewCell.xib */,
			);
			path = Cells;
			sourceTree = "<group>";
		};
		969F6D5A1F9EBB14002D3960 /* SignIn */ = {
			isa = PBXGroup;
			children = (
				969F6D5B1F9EBB26002D3960 /* SignInViewController.swift */,
			);
			path = SignIn;
			sourceTree = "<group>";
		};
		96A9EFBC1F98EC2900EA7EF3 /* storyboard */ = {
			isa = PBXGroup;
			children = (
				96A9EFBD1F98EC4700EA7EF3 /* SignIn.storyboard */,
			);
			path = storyboard;
			sourceTree = "<group>";
		};
		96A9EFC71F99438200EA7EF3 /* ProductControllers */ = {
			isa = PBXGroup;
			children = (
				96A9EFC81F99439400EA7EF3 /* ProductsTableViewController.swift */,
			);
			path = ProductControllers;
			sourceTree = "<group>";
		};
		96F8057A1F8EA92A00BC1E7C = {
			isa = PBXGroup;
			children = (
				96F805851F8EA92A00BC1E7C /* StoreIOS */,
				96F805841F8EA92A00BC1E7C /* Products */,
				4E82459795A4C896D3A3AE12 /* Pods */,
				29FE5455FC77DC51A8040FAB /* Frameworks */,
			);
			sourceTree = "<group>";
		};
		96F805841F8EA92A00BC1E7C /* Products */ = {
			isa = PBXGroup;
			children = (
				96F805831F8EA92A00BC1E7C /* StoreIOS.app */,
			);
			name = Products;
			sourceTree = "<group>";
		};
		96F805851F8EA92A00BC1E7C /* StoreIOS */ = {
			isa = PBXGroup;
			children = (
				969F477C1F97B5CA00912F85 /* Fonts */,
				96F805A91F8EBD7800BC1E7C /* Appearance */,
				96F805A01F8EBC8F00BC1E7C /* Helpers */,
				96F8059D1F8EBC2700BC1E7C /* Model */,
				96F805981F8EA97800BC1E7C /* Network */,
				969F47771F97B3C400912F85 /* BaseControllers */,
				969F47871F97BF1600912F85 /* Controllers */,
				969F478A1F97BF6600912F85 /* Views */,
				96F805861F8EA92A00BC1E7C /* AppDelegate.swift */,
				96F805881F8EA92A00BC1E7C /* ViewController.swift */,
				96F8058A1F8EA92A00BC1E7C /* Main.storyboard */,
				96F8058D1F8EA92A00BC1E7C /* Assets.xcassets */,
				96F8058F1F8EA92A00BC1E7C /* LaunchScreen.storyboard */,
				96F805921F8EA92A00BC1E7C /* Info.plist */,
			);
			path = StoreIOS;
			sourceTree = "<group>";
		};
		96F805981F8EA97800BC1E7C /* Network */ = {
			isa = PBXGroup;
			children = (
				96F805991F8EA9A300BC1E7C /* DKHAPIClient.swift */,
				96F8059B1F8EAA0C00BC1E7C /* DKHEndPoint.swift */,
			);
			path = Network;
			sourceTree = "<group>";
		};
		96F8059D1F8EBC2700BC1E7C /* Model */ = {
			isa = PBXGroup;
			children = (
				96F8059E1F8EBC4000BC1E7C /* DKHStore.swift */,
				96F805BC1F8EC0CA00BC1E7C /* DKHUser.swift */,
				96A9EFB61F98551300EA7EF3 /* DKHCategory.swift */,
				96A9EFB81F985A6000EA7EF3 /* DKHProduct.swift */,
			);
			path = Model;
			sourceTree = "<group>";
		};
		96F805A01F8EBC8F00BC1E7C /* Helpers */ = {
			isa = PBXGroup;
			children = (
				96F805BE1F8EC15500BC1E7C /* KNMTCRealmModel.swift */,
				96F805B91F8EBE7000BC1E7C /* UITextView+Placeholder.h */,
				96F805BA1F8EBE7000BC1E7C /* UITextView+Placeholder.m */,
				96F805AE1F8EBE5100BC1E7C /* DKHExtensions.swift */,
				96F805AF1F8EBE5100BC1E7C /* DKHNavigation.swift */,
				96F805B01F8EBE5100BC1E7C /* DKHRealmHelper.swift */,
				96F805B11F8EBE5100BC1E7C /* DKHRXHelper.swift */,
				96F805B21F8EBE5100BC1E7C /* DKHUIHelper.swift */,
				96F805B81F8EBE7000BC1E7C /* StoreIOS-Bridging-Header.h */,
			);
			path = Helpers;
			sourceTree = "<group>";
		};
		96F805A91F8EBD7800BC1E7C /* Appearance */ = {
			isa = PBXGroup;
			children = (
				96F805AA1F8EBD9400BC1E7C /* DKHAppearance.swift */,
			);
			path = Appearance;
			sourceTree = "<group>";
		};
/* End PBXGroup section */

/* Begin PBXNativeTarget section */
		96F805821F8EA92A00BC1E7C /* StoreIOS */ = {
			isa = PBXNativeTarget;
			buildConfigurationList = 96F805951F8EA92A00BC1E7C /* Build configuration list for PBXNativeTarget "StoreIOS" */;
			buildPhases = (
				AFEBD7D621D4EBAE4CD0A9F0 /* [CP] Check Pods Manifest.lock */,
				96F8057F1F8EA92A00BC1E7C /* Sources */,
				96F805801F8EA92A00BC1E7C /* Frameworks */,
				96F805811F8EA92A00BC1E7C /* Resources */,
				444D8B91F677291109EF7E54 /* [CP] Embed Pods Frameworks */,
				7EC729B76C12DDA0683208BF /* [CP] Copy Pods Resources */,
			);
			buildRules = (
			);
			dependencies = (
			);
			name = StoreIOS;
			productName = StoreIOS;
			productReference = 96F805831F8EA92A00BC1E7C /* StoreIOS.app */;
			productType = "com.apple.product-type.application";
		};
/* End PBXNativeTarget section */

/* Begin PBXProject section */
		96F8057B1F8EA92A00BC1E7C /* Project object */ = {
			isa = PBXProject;
			attributes = {
				LastSwiftUpdateCheck = 0830;
				LastUpgradeCheck = 0900;
				ORGANIZATIONNAME = "Daniel Klinkert Houfer";
				TargetAttributes = {
					96F805821F8EA92A00BC1E7C = {
						CreatedOnToolsVersion = 8.3.3;
						DevelopmentTeam = XYJ2TQ4992;
						LastSwiftMigration = 0900;
						ProvisioningStyle = Automatic;
					};
				};
			};
			buildConfigurationList = 96F8057E1F8EA92A00BC1E7C /* Build configuration list for PBXProject "StoreIOS" */;
			compatibilityVersion = "Xcode 3.2";
			developmentRegion = English;
			hasScannedForEncodings = 0;
			knownRegions = (
				en,
				Base,
			);
			mainGroup = 96F8057A1F8EA92A00BC1E7C;
			productRefGroup = 96F805841F8EA92A00BC1E7C /* Products */;
			projectDirPath = "";
			projectRoot = "";
			targets = (
				96F805821F8EA92A00BC1E7C /* StoreIOS */,
			);
		};
/* End PBXProject section */

/* Begin PBXResourcesBuildPhase section */
		96F805811F8EA92A00BC1E7C /* Resources */ = {
			isa = PBXResourcesBuildPhase;
			buildActionMask = 2147483647;
			files = (
				96F805911F8EA92A00BC1E7C /* LaunchScreen.storyboard in Resources */,
				969F478F1F97BFA900912F85 /* EmptyTableViewCell.xib in Resources */,
				969F47821F97B5CA00912F85 /* RobotoCondensed-Bold.ttf in Resources */,
				969F47841F97B5CA00912F85 /* RobotoCondensed-Regular.ttf in Resources */,
				96A9EFBE1F98EC4700EA7EF3 /* SignIn.storyboard in Resources */,
				96F8058E1F8EA92A00BC1E7C /* Assets.xcassets in Resources */,
				96F8058C1F8EA92A00BC1E7C /* Main.storyboard in Resources */,
				96A9EFC61F99412400EA7EF3 /* ProductTableViewCell.xib in Resources */,
				969F47811F97B5CA00912F85 /* Quicksand-Bold.ttf in Resources */,
				969F47831F97B5CA00912F85 /* RobotoCondensed-Italic.ttf in Resources */,
			);
			runOnlyForDeploymentPostprocessing = 0;
		};
/* End PBXResourcesBuildPhase section */

/* Begin PBXShellScriptBuildPhase section */
		444D8B91F677291109EF7E54 /* [CP] Embed Pods Frameworks */ = {
			isa = PBXShellScriptBuildPhase;
			buildActionMask = 2147483647;
			files = (
			);
			inputPaths = (
				"${SRCROOT}/Pods/Target Support Files/Pods-StoreIOS/Pods-StoreIOS-frameworks.sh",
				"${BUILT_PRODUCTS_DIR}/Alamofire/Alamofire.framework",
				"${BUILT_PRODUCTS_DIR}/AlamofireImage/AlamofireImage.framework",
				"${BUILT_PRODUCTS_DIR}/AlamofireObjectMapper/AlamofireObjectMapper.framework",
				"${BUILT_PRODUCTS_DIR}/Bolts/Bolts.framework",
				"${BUILT_PRODUCTS_DIR}/DateToolsSwift/DateToolsSwift.framework",
				"${BUILT_PRODUCTS_DIR}/FBSDKCoreKit/FBSDKCoreKit.framework",
				"${BUILT_PRODUCTS_DIR}/FBSDKLoginKit/FBSDKLoginKit.framework",
				"${BUILT_PRODUCTS_DIR}/HCSStarRatingView/HCSStarRatingView.framework",
				"${BUILT_PRODUCTS_DIR}/ObjectMapper/ObjectMapper.framework",
				"${BUILT_PRODUCTS_DIR}/Polyline/Polyline.framework",
				"${BUILT_PRODUCTS_DIR}/ReachabilitySwift/ReachabilitySwift.framework",
				"${BUILT_PRODUCTS_DIR}/RealReachability/RealReachability.framework",
				"${BUILT_PRODUCTS_DIR}/Realm/Realm.framework",
				"${BUILT_PRODUCTS_DIR}/RealmSwift/RealmSwift.framework",
				"${BUILT_PRODUCTS_DIR}/RxCocoa/RxCocoa.framework",
				"${BUILT_PRODUCTS_DIR}/RxSwift/RxSwift.framework",
				"${BUILT_PRODUCTS_DIR}/SBPickerSelector/SBPickerSelector.framework",
				"${BUILT_PRODUCTS_DIR}/SVProgressHUD/SVProgressHUD.framework",
			);
			name = "[CP] Embed Pods Frameworks";
			outputPaths = (
				"${TARGET_BUILD_DIR}/${FRAMEWORKS_FOLDER_PATH}/Alamofire.framework",
				"${TARGET_BUILD_DIR}/${FRAMEWORKS_FOLDER_PATH}/AlamofireImage.framework",
				"${TARGET_BUILD_DIR}/${FRAMEWORKS_FOLDER_PATH}/AlamofireObjectMapper.framework",
				"${TARGET_BUILD_DIR}/${FRAMEWORKS_FOLDER_PATH}/Bolts.framework",
				"${TARGET_BUILD_DIR}/${FRAMEWORKS_FOLDER_PATH}/DateToolsSwift.framework",
				"${TARGET_BUILD_DIR}/${FRAMEWORKS_FOLDER_PATH}/FBSDKCoreKit.framework",
				"${TARGET_BUILD_DIR}/${FRAMEWORKS_FOLDER_PATH}/FBSDKLoginKit.framework",
				"${TARGET_BUILD_DIR}/${FRAMEWORKS_FOLDER_PATH}/HCSStarRatingView.framework",
				"${TARGET_BUILD_DIR}/${FRAMEWORKS_FOLDER_PATH}/ObjectMapper.framework",
				"${TARGET_BUILD_DIR}/${FRAMEWORKS_FOLDER_PATH}/Polyline.framework",
				"${TARGET_BUILD_DIR}/${FRAMEWORKS_FOLDER_PATH}/ReachabilitySwift.framework",
				"${TARGET_BUILD_DIR}/${FRAMEWORKS_FOLDER_PATH}/RealReachability.framework",
				"${TARGET_BUILD_DIR}/${FRAMEWORKS_FOLDER_PATH}/Realm.framework",
				"${TARGET_BUILD_DIR}/${FRAMEWORKS_FOLDER_PATH}/RealmSwift.framework",
				"${TARGET_BUILD_DIR}/${FRAMEWORKS_FOLDER_PATH}/RxCocoa.framework",
				"${TARGET_BUILD_DIR}/${FRAMEWORKS_FOLDER_PATH}/RxSwift.framework",
				"${TARGET_BUILD_DIR}/${FRAMEWORKS_FOLDER_PATH}/SBPickerSelector.framework",
				"${TARGET_BUILD_DIR}/${FRAMEWORKS_FOLDER_PATH}/SVProgressHUD.framework",
			);
			runOnlyForDeploymentPostprocessing = 0;
			shellPath = /bin/sh;
			shellScript = "\"${SRCROOT}/Pods/Target Support Files/Pods-StoreIOS/Pods-StoreIOS-frameworks.sh\"\n";
			showEnvVarsInLog = 0;
		};
		7EC729B76C12DDA0683208BF /* [CP] Copy Pods Resources */ = {
			isa = PBXShellScriptBuildPhase;
			buildActionMask = 2147483647;
			files = (
			);
			inputPaths = (
				"${SRCROOT}/Pods/Target Support Files/Pods-StoreIOS/Pods-StoreIOS-resources.sh",
				"${PODS_ROOT}/GoogleMaps/Maps/Frameworks/GoogleMaps.framework/Resources/GoogleMaps.bundle",
				"${PODS_ROOT}/GooglePlacePicker/Frameworks/GooglePlacePicker.framework/Resources/GooglePlacePicker.bundle",
				"${PODS_ROOT}/GooglePlaces/Frameworks/GooglePlaces.framework/Resources/GooglePlaces.bundle",
			);
			name = "[CP] Copy Pods Resources";
			outputPaths = (
				"${TARGET_BUILD_DIR}/${UNLOCALIZED_RESOURCES_FOLDER_PATH}",
			);
			runOnlyForDeploymentPostprocessing = 0;
			shellPath = /bin/sh;
			shellScript = "\"${SRCROOT}/Pods/Target Support Files/Pods-StoreIOS/Pods-StoreIOS-resources.sh\"\n";
			showEnvVarsInLog = 0;
		};
		AFEBD7D621D4EBAE4CD0A9F0 /* [CP] Check Pods Manifest.lock */ = {
			isa = PBXShellScriptBuildPhase;
			buildActionMask = 2147483647;
			files = (
			);
			inputPaths = (
				"${PODS_PODFILE_DIR_PATH}/Podfile.lock",
				"${PODS_ROOT}/Manifest.lock",
			);
			name = "[CP] Check Pods Manifest.lock";
			outputPaths = (
				"$(DERIVED_FILE_DIR)/Pods-StoreIOS-checkManifestLockResult.txt",
			);
			runOnlyForDeploymentPostprocessing = 0;
			shellPath = /bin/sh;
			shellScript = "diff \"${PODS_PODFILE_DIR_PATH}/Podfile.lock\" \"${PODS_ROOT}/Manifest.lock\" > /dev/null\nif [ $? != 0 ] ; then\n    # print error to STDERR\n    echo \"error: The sandbox is not in sync with the Podfile.lock. Run 'pod install' or update your CocoaPods installation.\" >&2\n    exit 1\nfi\n# This output is used by Xcode 'outputs' to avoid re-running this script phase.\necho \"SUCCESS\" > \"${SCRIPT_OUTPUT_FILE_0}\"\n";
			showEnvVarsInLog = 0;
		};
/* End PBXShellScriptBuildPhase section */

/* Begin PBXSourcesBuildPhase section */
		96F8057F1F8EA92A00BC1E7C /* Sources */ = {
			isa = PBXSourcesBuildPhase;
			buildActionMask = 2147483647;
			files = (
				96F805B31F8EBE5100BC1E7C /* DKHExtensions.swift in Sources */,
				96F805BF1F8EC15500BC1E7C /* KNMTCRealmModel.swift in Sources */,
				96F805BD1F8EC0CA00BC1E7C /* DKHUser.swift in Sources */,
				96F8059C1F8EAA0C00BC1E7C /* DKHEndPoint.swift in Sources */,
				96F805AB1F8EBD9400BC1E7C /* DKHAppearance.swift in Sources */,
				96F805B61F8EBE5100BC1E7C /* DKHRXHelper.swift in Sources */,
				96F805891F8EA92A00BC1E7C /* ViewController.swift in Sources */,
				96A9EFC01F992EA100EA7EF3 /* BaseTabBarViewController.swift in Sources */,
				96F805B51F8EBE5100BC1E7C /* DKHRealmHelper.swift in Sources */,
				96A9EFC91F99439400EA7EF3 /* ProductsTableViewController.swift in Sources */,
				96A9EFC21F99343800EA7EF3 /* MainTabBarViewController.swift in Sources */,
				96F805871F8EA92A00BC1E7C /* AppDelegate.swift in Sources */,
				96A9EFB71F98551300EA7EF3 /* DKHCategory.swift in Sources */,
				96F805BB1F8EBE7000BC1E7C /* UITextView+Placeholder.m in Sources */,
				96F805B41F8EBE5100BC1E7C /* DKHNavigation.swift in Sources */,
				969F47891F97BF3600912F85 /* SelectCategoryTableViewController.swift in Sources */,
				969F47861F97BEB100912F85 /* BaseNavigationViewController.swift in Sources */,
				96F8059A1F8EA9A300BC1E7C /* DKHAPIClient.swift in Sources */,
				969F6D5C1F9EBB26002D3960 /* SignInViewController.swift in Sources */,
				96A9EFC51F99412400EA7EF3 /* ProductTableViewCell.swift in Sources */,
				969F47791F97B3DA00912F85 /* BaseTableViewController.swift in Sources */,
				969F477B1F97B3E900912F85 /* BaseViewController.swift in Sources */,
				969F478E1F97BFA900912F85 /* EmptyTableViewCell.swift in Sources */,
				96F8059F1F8EBC4000BC1E7C /* DKHStore.swift in Sources */,
				96A9EFB91F985A6000EA7EF3 /* DKHProduct.swift in Sources */,
				96F805B71F8EBE5100BC1E7C /* DKHUIHelper.swift in Sources */,
			);
			runOnlyForDeploymentPostprocessing = 0;
		};
/* End PBXSourcesBuildPhase section */

/* Begin PBXVariantGroup section */
		96F8058A1F8EA92A00BC1E7C /* Main.storyboard */ = {
			isa = PBXVariantGroup;
			children = (
				96F8058B1F8EA92A00BC1E7C /* Base */,
			);
			name = Main.storyboard;
			sourceTree = "<group>";
		};
		96F8058F1F8EA92A00BC1E7C /* LaunchScreen.storyboard */ = {
			isa = PBXVariantGroup;
			children = (
				96F805901F8EA92A00BC1E7C /* Base */,
			);
			name = LaunchScreen.storyboard;
			sourceTree = "<group>";
		};
/* End PBXVariantGroup section */

/* Begin XCBuildConfiguration section */
		96F805931F8EA92A00BC1E7C /* Debug */ = {
			isa = XCBuildConfiguration;
			buildSettings = {
				ALWAYS_SEARCH_USER_PATHS = NO;
				CLANG_ANALYZER_NONNULL = YES;
				CLANG_ANALYZER_NUMBER_OBJECT_CONVERSION = YES_AGGRESSIVE;
				CLANG_CXX_LANGUAGE_STANDARD = "gnu++0x";
				CLANG_CXX_LIBRARY = "libc++";
				CLANG_ENABLE_MODULES = YES;
				CLANG_ENABLE_OBJC_ARC = YES;
				CLANG_WARN_BLOCK_CAPTURE_AUTORELEASING = YES;
				CLANG_WARN_BOOL_CONVERSION = YES;
				CLANG_WARN_COMMA = YES;
				CLANG_WARN_CONSTANT_CONVERSION = YES;
				CLANG_WARN_DIRECT_OBJC_ISA_USAGE = YES_ERROR;
				CLANG_WARN_DOCUMENTATION_COMMENTS = YES;
				CLANG_WARN_EMPTY_BODY = YES;
				CLANG_WARN_ENUM_CONVERSION = YES;
				CLANG_WARN_INFINITE_RECURSION = YES;
				CLANG_WARN_INT_CONVERSION = YES;
				CLANG_WARN_NON_LITERAL_NULL_CONVERSION = YES;
				CLANG_WARN_OBJC_LITERAL_CONVERSION = YES;
				CLANG_WARN_OBJC_ROOT_CLASS = YES_ERROR;
				CLANG_WARN_RANGE_LOOP_ANALYSIS = YES;
				CLANG_WARN_STRICT_PROTOTYPES = YES;
				CLANG_WARN_SUSPICIOUS_MOVE = YES;
				CLANG_WARN_UNREACHABLE_CODE = YES;
				CLANG_WARN__DUPLICATE_METHOD_MATCH = YES;
				"CODE_SIGN_IDENTITY[sdk=iphoneos*]" = "iPhone Developer";
				COPY_PHASE_STRIP = NO;
				DEBUG_INFORMATION_FORMAT = dwarf;
				ENABLE_STRICT_OBJC_MSGSEND = YES;
				ENABLE_TESTABILITY = YES;
				GCC_C_LANGUAGE_STANDARD = gnu99;
				GCC_DYNAMIC_NO_PIC = NO;
				GCC_NO_COMMON_BLOCKS = YES;
				GCC_OPTIMIZATION_LEVEL = 0;
				GCC_PREPROCESSOR_DEFINITIONS = (
					"DEBUG=1",
					"$(inherited)",
				);
				GCC_WARN_64_TO_32_BIT_CONVERSION = YES;
				GCC_WARN_ABOUT_RETURN_TYPE = YES_ERROR;
				GCC_WARN_UNDECLARED_SELECTOR = YES;
				GCC_WARN_UNINITIALIZED_AUTOS = YES_AGGRESSIVE;
				GCC_WARN_UNUSED_FUNCTION = YES;
				GCC_WARN_UNUSED_VARIABLE = YES;
				IPHONEOS_DEPLOYMENT_TARGET = 10.3;
				MTL_ENABLE_DEBUG_INFO = YES;
				ONLY_ACTIVE_ARCH = YES;
				SDKROOT = iphoneos;
				SWIFT_ACTIVE_COMPILATION_CONDITIONS = DEBUG;
				SWIFT_OPTIMIZATION_LEVEL = "-Onone";
				SWIFT_VERSION = 4.0;
			};
			name = Debug;
		};
		96F805941F8EA92A00BC1E7C /* Release */ = {
			isa = XCBuildConfiguration;
			buildSettings = {
				ALWAYS_SEARCH_USER_PATHS = NO;
				CLANG_ANALYZER_NONNULL = YES;
				CLANG_ANALYZER_NUMBER_OBJECT_CONVERSION = YES_AGGRESSIVE;
				CLANG_CXX_LANGUAGE_STANDARD = "gnu++0x";
				CLANG_CXX_LIBRARY = "libc++";
				CLANG_ENABLE_MODULES = YES;
				CLANG_ENABLE_OBJC_ARC = YES;
				CLANG_WARN_BLOCK_CAPTURE_AUTORELEASING = YES;
				CLANG_WARN_BOOL_CONVERSION = YES;
				CLANG_WARN_COMMA = YES;
				CLANG_WARN_CONSTANT_CONVERSION = YES;
				CLANG_WARN_DIRECT_OBJC_ISA_USAGE = YES_ERROR;
				CLANG_WARN_DOCUMENTATION_COMMENTS = YES;
				CLANG_WARN_EMPTY_BODY = YES;
				CLANG_WARN_ENUM_CONVERSION = YES;
				CLANG_WARN_INFINITE_RECURSION = YES;
				CLANG_WARN_INT_CONVERSION = YES;
				CLANG_WARN_NON_LITERAL_NULL_CONVERSION = YES;
				CLANG_WARN_OBJC_LITERAL_CONVERSION = YES;
				CLANG_WARN_OBJC_ROOT_CLASS = YES_ERROR;
				CLANG_WARN_RANGE_LOOP_ANALYSIS = YES;
				CLANG_WARN_STRICT_PROTOTYPES = YES;
				CLANG_WARN_SUSPICIOUS_MOVE = YES;
				CLANG_WARN_UNREACHABLE_CODE = YES;
				CLANG_WARN__DUPLICATE_METHOD_MATCH = YES;
				"CODE_SIGN_IDENTITY[sdk=iphoneos*]" = "iPhone Developer";
				COPY_PHASE_STRIP = NO;
				DEBUG_INFORMATION_FORMAT = "dwarf-with-dsym";
				ENABLE_NS_ASSERTIONS = NO;
				ENABLE_STRICT_OBJC_MSGSEND = YES;
				GCC_C_LANGUAGE_STANDARD = gnu99;
				GCC_NO_COMMON_BLOCKS = YES;
				GCC_WARN_64_TO_32_BIT_CONVERSION = YES;
				GCC_WARN_ABOUT_RETURN_TYPE = YES_ERROR;
				GCC_WARN_UNDECLARED_SELECTOR = YES;
				GCC_WARN_UNINITIALIZED_AUTOS = YES_AGGRESSIVE;
				GCC_WARN_UNUSED_FUNCTION = YES;
				GCC_WARN_UNUSED_VARIABLE = YES;
				IPHONEOS_DEPLOYMENT_TARGET = 10.3;
				MTL_ENABLE_DEBUG_INFO = NO;
				SDKROOT = iphoneos;
				SWIFT_OPTIMIZATION_LEVEL = "-Owholemodule";
				SWIFT_VERSION = 4.0;
				VALIDATE_PRODUCT = YES;
			};
			name = Release;
		};
		96F805961F8EA92A00BC1E7C /* Debug */ = {
			isa = XCBuildConfiguration;
			baseConfigurationReference = CB8DE675CCEE2BF24CF87662 /* Pods-StoreIOS.debug.xcconfig */;
			buildSettings = {
				ASSETCATALOG_COMPILER_APPICON_NAME = AppIcon;
				CLANG_ENABLE_MODULES = YES;
				DEVELOPMENT_TEAM = XYJ2TQ4992;
				INFOPLIST_FILE = StoreIOS/Info.plist;
				LD_RUNPATH_SEARCH_PATHS = "$(inherited) @executable_path/Frameworks";
				PRODUCT_BUNDLE_IDENTIFIER = DKH.StoreIOS;
				PRODUCT_NAME = "$(TARGET_NAME)";
				SWIFT_OBJC_BRIDGING_HEADER = "StoreIOS/Helpers/StoreIOS-Bridging-Header.h";
				SWIFT_OPTIMIZATION_LEVEL = "-Onone";
				SWIFT_VERSION = 3.0;
			};
			name = Debug;
		};
		96F805971F8EA92A00BC1E7C /* Release */ = {
			isa = XCBuildConfiguration;
			baseConfigurationReference = 6018349770AD49BD844DBBA4 /* Pods-StoreIOS.release.xcconfig */;
			buildSettings = {
				ASSETCATALOG_COMPILER_APPICON_NAME = AppIcon;
				CLANG_ENABLE_MODULES = YES;
				DEVELOPMENT_TEAM = XYJ2TQ4992;
				INFOPLIST_FILE = StoreIOS/Info.plist;
				LD_RUNPATH_SEARCH_PATHS = "$(inherited) @executable_path/Frameworks";
				PRODUCT_BUNDLE_IDENTIFIER = DKH.StoreIOS;
				PRODUCT_NAME = "$(TARGET_NAME)";
				SWIFT_OBJC_BRIDGING_HEADER = "StoreIOS/Helpers/StoreIOS-Bridging-Header.h";
				SWIFT_VERSION = 3.0;
			};
			name = Release;
		};
/* End XCBuildConfiguration section */

/* Begin XCConfigurationList section */
		96F8057E1F8EA92A00BC1E7C /* Build configuration list for PBXProject "StoreIOS" */ = {
			isa = XCConfigurationList;
			buildConfigurations = (
				96F805931F8EA92A00BC1E7C /* Debug */,
				96F805941F8EA92A00BC1E7C /* Release */,
			);
			defaultConfigurationIsVisible = 0;
			defaultConfigurationName = Release;
		};
		96F805951F8EA92A00BC1E7C /* Build configuration list for PBXNativeTarget "StoreIOS" */ = {
			isa = XCConfigurationList;
			buildConfigurations = (
				96F805961F8EA92A00BC1E7C /* Debug */,
				96F805971F8EA92A00BC1E7C /* Release */,
			);
			defaultConfigurationIsVisible = 0;
			defaultConfigurationName = Release;
		};
/* End XCConfigurationList section */
	};
	rootObject = 96F8057B1F8EA92A00BC1E7C /* Project object */;
}
